PODS:
  - MASFoundation (1.7.10)
  - MASStorage (1.7.10):
    - MASFoundation (= 1.7.10)
  - MASUI (1.7.10):
    - MASFoundation (= 1.7.10)

DEPENDENCIES:
  - MASFoundation (~> 1.7.10)
  - MASStorage (~> 1.7.10)
  - MASUI (~> 1.7.10)

SPEC REPOS:
  https://github.com/cocoapods/specs.git:
    - MASFoundation
    - MASStorage
    - MASUI

SPEC CHECKSUMS:
  MASFoundation: bb85d3b2b5b16207cf459cda9617c4fd68ed13ac
  MASStorage: 9df9306e2caf43b970a184a5bf1e10a79e845dcb
  MASUI: 23f83ba5c530b9aca4c425bc66d07e41f9cecfe5

PODFILE CHECKSUM: 3af94aeef0e0f892376587a1384c523f4ded8ddc

COCOAPODS: 1.5.3
