PODS:
  - MASFoundation (1.8.00)
  - MASStorage (1.8.00):
    - MASFoundation (= 1.8.00)
  - MASUI (1.8.00):
    - MASFoundation (= 1.8.00)

DEPENDENCIES:
  - MASFoundation (~> 1.8.00)
  - MASStorage (~> 1.8.00)
  - MASUI (~> 1.8.00)

SPEC REPOS:
  https://github.com/cocoapods/specs.git:
    - MASFoundation
    - MASStorage
    - MASUI

SPEC CHECKSUMS:
  MASFoundation: a9ca44f997ec5ad7b5efeafc2f1d7e0ecb234ee8
  MASStorage: f542a05d71170590dbda9b87bc8fdcac7d722d2c
  MASUI: 7eddd90d652a312a6a31924c0f080cc654bcffe7

PODFILE CHECKSUM: 643bf1a9b4f219ca1e571fd851da9a544eeb139b

COCOAPODS: 1.5.3
